
Microsoft Visual Studio Solution File, Format Version 12.00
# Visual Studio Version 17
VisualStudioVersion = 17.14.36221.1 d17.14
MinimumVisualStudioVersion = 10.0.40219.1
Project("{FAE04EC0-301F-11D3-BF4B-00C04F79EFBC}") = "DBOperationswithEFCORE", "DBOperationswithEFCORE\DBOperationswithEFCORE.csproj", "{DC802CBA-3561-48D8-A920-56206C76C343}"
EndProject
Global
	GlobalSection(SolutionConfigurationPlatforms) = preSolution
		Debug|Any CPU = Debug|Any CPU
		Release|Any CPU = Release|Any CPU
	EndGlobalSection
	GlobalSection(ProjectConfigurationPlatforms) = postSolution
		{DC802CBA-3561-48D8-A920-56206C76C343}.Debug|Any CPU.ActiveCfg = Debug|Any CPU
		{DC802CBA-3561-48D8-A920-56206C76C343}.Debug|Any CPU.Build.0 = Debug|Any CPU
		{DC802CBA-3561-48D8-A920-56206C76C343}.Release|Any CPU.ActiveCfg = Release|Any CPU
		{DC802CBA-3561-48D8-A920-56206C76C343}.Release|Any CPU.Build.0 = Release|Any CPU
	EndGlobalSection
	GlobalSection(SolutionProperties) = preSolution
		HideSolutionNode = FALSE
	EndGlobalSection
	GlobalSection(ExtensibilityGlobals) = postSolution
		SolutionGuid = {E3136CF4-ECAE-4C57-ABF7-58D49F528039}
	EndGlobalSection
EndGlobal
